
Microsoft Visual Studio Solution File, Format Version 12.00
# Visual Studio Version 16
VisualStudioVersion = 16.0.30330.147
MinimumVisualStudioVersion = 10.0.40219.1
Project("{FAE04EC0-301F-11D3-BF4B-00C04F79EFBC}") = "Ereditarietà_2", "Ereditarietà_2\Ereditarietà_2.csproj", "{0A3C7689-3888-464B-BC24-7A26DD47E0BB}"
EndProject
Project("{FAE04EC0-301F-11D3-BF4B-00C04F79EFBC}") = "Prova", "Prova\Prova.csproj", "{59C15324-1E13-46EA-BF4B-8BD69CA6C69C}"
EndProject
Global
	GlobalSection(SolutionConfigurationPlatforms) = preSolution
		Debug|Any CPU = Debug|Any CPU
		Release|Any CPU = Release|Any CPU
	EndGlobalSection
	GlobalSection(ProjectConfigurationPlatforms) = postSolution
		{0A3C7689-3888-464B-BC24-7A26DD47E0BB}.Debug|Any CPU.ActiveCfg = Debug|Any CPU
		{0A3C7689-3888-464B-BC24-7A26DD47E0BB}.Debug|Any CPU.Build.0 = Debug|Any CPU
		{0A3C7689-3888-464B-BC24-7A26DD47E0BB}.Release|Any CPU.ActiveCfg = Release|Any CPU
		{0A3C7689-3888-464B-BC24-7A26DD47E0BB}.Release|Any CPU.Build.0 = Release|Any CPU
		{59C15324-1E13-46EA-BF4B-8BD69CA6C69C}.Debug|Any CPU.ActiveCfg = Debug|Any CPU
		{59C15324-1E13-46EA-BF4B-8BD69CA6C69C}.Debug|Any CPU.Build.0 = Debug|Any CPU
		{59C15324-1E13-46EA-BF4B-8BD69CA6C69C}.Release|Any CPU.ActiveCfg = Release|Any CPU
		{59C15324-1E13-46EA-BF4B-8BD69CA6C69C}.Release|Any CPU.Build.0 = Release|Any CPU
	EndGlobalSection
	GlobalSection(SolutionProperties) = preSolution
		HideSolutionNode = FALSE
	EndGlobalSection
	GlobalSection(ExtensibilityGlobals) = postSolution
		SolutionGuid = {9192C9DB-DFC2-48E5-A757-2AC45BED5A13}
	EndGlobalSection
EndGlobal
